{
  "version": 4,
  "terraform_version": "1.9.2",
  "serial": 11,
  "lineage": "f420c081-5592-20fc-e022-a30a89e0080c",
  "outputs": {
    "realm_id": {
      "value": "magasiara",
      "type": "string"
    }
  },
  "resources": [
    {
      "module": "module.realm",
      "mode": "managed",
      "type": "keycloak_group",
      "name": "customers",
      "provider": "provider[\"registry.terraform.io/keycloak/keycloak\"]",
      "instances": [
        {
          "schema_version": 0,
          "attributes": {
            "attributes": {},
            "id": "92a6dfcd-843a-48e5-ac78-292911e2ec9d",
            "name": "customers",
            "parent_id": null,
            "path": "/customers",
            "realm_id": "magasiara"
          },
          "sensitive_attributes": [],
          "private": "bnVsbA==",
          "dependencies": [
            "module.realm.keycloak_realm.this"
          ]
        }
      ]
    },
    {
      "module": "module.realm",
      "mode": "managed",
      "type": "keycloak_group_roles",
      "name": "customers_roles",
      "provider": "provider[\"registry.terraform.io/keycloak/keycloak\"]",
      "instances": [
        {
          "schema_version": 0,
          "attributes": {
            "exhaustive": true,
            "group_id": "92a6dfcd-843a-48e5-ac78-292911e2ec9d",
            "id": "magasiara/92a6dfcd-843a-48e5-ac78-292911e2ec9d",
            "realm_id": "magasiara",
            "role_ids": [
              "0f20a1a6-f788-412b-a50f-e325cc341bf7",
              "bf9a7701-b090-42f5-955c-98e847eef267"
            ]
          },
          "sensitive_attributes": [],
          "private": "bnVsbA==",
          "dependencies": [
            "module.realm.keycloak_group.customers",
            "module.realm.keycloak_realm.this",
            "module.realm.keycloak_role.customer_order_create",
            "module.realm.keycloak_role.customer_read"
          ]
        }
      ]
    },
    {
      "module": "module.realm",
      "mode": "managed",
      "type": "keycloak_openid_client",
      "name": "webshop_api",
      "provider": "provider[\"registry.terraform.io/keycloak/keycloak\"]",
      "instances": [
        {
          "schema_version": 0,
          "attributes": {
            "access_token_lifespan": "",
            "access_type": "CONFIDENTIAL",
            "admin_url": "",
            "allow_refresh_token_in_standard_token_exchange": "",
            "always_display_in_console": false,
            "authentication_flow_binding_overrides": [],
            "authorization": [],
            "backchannel_logout_revoke_offline_sessions": false,
            "backchannel_logout_session_required": true,
            "backchannel_logout_url": "",
            "base_url": "",
            "client_authenticator_type": "client-secret",
            "client_id": "webshop-api",
            "client_offline_session_idle_timeout": "",
            "client_offline_session_max_lifespan": "",
            "client_secret": "kOFqFAYBIqnbnm4jGT4FaWcwlBfkae3J",
            "client_secret_regenerate_when_changed": null,
            "client_secret_wo": null,
            "client_secret_wo_version": null,
            "client_session_idle_timeout": "",
            "client_session_max_lifespan": "",
            "consent_required": false,
            "consent_screen_text": "",
            "description": "",
            "direct_access_grants_enabled": true,
            "display_on_consent_screen": false,
            "enabled": true,
            "exclude_issuer_from_auth_response": null,
            "exclude_session_state_from_auth_response": null,
            "extra_config": {},
            "frontchannel_logout_enabled": false,
            "frontchannel_logout_url": "",
            "full_scope_allowed": true,
            "id": "427bd67b-8072-430a-bdde-a20a25c9263e",
            "implicit_flow_enabled": false,
            "import": false,
            "login_theme": "",
            "name": "webshop-api",
            "oauth2_device_authorization_grant_enabled": false,
            "oauth2_device_code_lifespan": "",
            "oauth2_device_polling_interval": "",
            "pkce_code_challenge_method": null,
            "realm_id": "magasiara",
            "resource_server_id": null,
            "root_url": "",
            "service_account_user_id": "5289907a-6fed-43ef-9b3b-279f01fc1c3f",
            "service_accounts_enabled": true,
            "standard_flow_enabled": false,
            "standard_token_exchange_enabled": false,
            "use_refresh_tokens": true,
            "use_refresh_tokens_client_credentials": false,
            "valid_post_logout_redirect_uris": [],
            "valid_redirect_uris": [],
            "web_origins": []
          },
          "sensitive_attributes": [
            [
              {
                "type": "get_attr",
                "value": "client_secret"
              }
            ],
            [
              {
                "type": "get_attr",
                "value": "client_secret_wo"
              }
            ]
          ],
          "private": "bnVsbA==",
          "dependencies": [
            "module.realm.keycloak_realm.this"
          ]
        }
      ]
    },
    {
      "module": "module.realm",
      "mode": "managed",
      "type": "keycloak_openid_user_attribute_protocol_mapper",
      "name": "tier_mapper",
      "provider": "provider[\"registry.terraform.io/keycloak/keycloak\"]",
      "instances": [
        {
          "schema_version": 0,
          "attributes": {
            "add_to_access_token": true,
            "add_to_id_token": true,
            "add_to_userinfo": true,
            "aggregate_attributes": false,
            "claim_name": "customer_tier",
            "claim_value_type": "String",
            "client_id": "427bd67b-8072-430a-bdde-a20a25c9263e",
            "client_scope_id": null,
            "id": "26b81f76-6fd6-4793-b8e9-b6004314bf95",
            "multivalued": false,
            "name": "tier",
            "realm_id": "magasiara",
            "user_attribute": "tier"
          },
          "sensitive_attributes": [],
          "private": "bnVsbA==",
          "dependencies": [
            "module.realm.keycloak_openid_client.webshop_api",
            "module.realm.keycloak_realm.this"
          ]
        }
      ]
    },
    {
      "module": "module.realm",
      "mode": "managed",
      "type": "keycloak_realm",
      "name": "this",
      "provider": "provider[\"registry.terraform.io/keycloak/keycloak\"]",
      "instances": [
        {
          "schema_version": 0,
          "attributes": {
            "access_code_lifespan": "1m0s",
            "access_code_lifespan_login": "30m0s",
            "access_code_lifespan_user_action": "5m0s",
            "access_token_lifespan": "5m0s",
            "access_token_lifespan_for_implicit_flow": "15m0s",
            "account_theme": "",
            "action_token_generated_by_admin_lifespan": "12h0m0s",
            "action_token_generated_by_user_lifespan": "5m0s",
            "admin_theme": "",
            "attributes": {},
            "browser_flow": "browser",
            "client_authentication_flow": "clients",
            "client_session_idle_timeout": "0s",
            "client_session_max_lifespan": "0s",
            "default_default_client_scopes": [],
            "default_optional_client_scopes": [],
            "default_signature_algorithm": "",
            "direct_grant_flow": "direct grant",
            "display_name": "magasiara",
            "display_name_html": "",
            "docker_authentication_flow": "docker auth",
            "duplicate_emails_allowed": false,
            "edit_username_allowed": false,
            "email_theme": "",
            "enabled": true,
            "first_broker_login_flow": "first broker login",
            "id": "magasiara",
            "internal_id": "magasiara",
            "internationalization": [],
            "login_theme": "",
            "login_with_email_allowed": false,
            "oauth2_device_code_lifespan": "10m0s",
            "oauth2_device_polling_interval": 5,
            "offline_session_idle_timeout": "720h0m0s",
            "offline_session_max_lifespan": "1440h0m0s",
            "offline_session_max_lifespan_enabled": false,
            "organizations_enabled": false,
            "otp_policy": [
              {
                "algorithm": "HmacSHA1",
                "digits": 6,
                "initial_counter": 0,
                "look_ahead_window": 1,
                "period": 30,
                "type": "totp"
              }
            ],
            "password_policy": "",
            "realm": "magasiara",
            "refresh_token_max_reuse": 0,
            "registration_allowed": false,
            "registration_email_as_username": false,
            "registration_flow": "registration",
            "remember_me": false,
            "reset_credentials_flow": "reset credentials",
            "reset_password_allowed": false,
            "revoke_refresh_token": false,
            "security_defenses": [],
            "smtp_server": [],
            "ssl_required": "external",
            "sso_session_idle_timeout": "30m0s",
            "sso_session_idle_timeout_remember_me": "0s",
            "sso_session_max_lifespan": "10h0m0s",
            "sso_session_max_lifespan_remember_me": "0s",
            "user_managed_access": false,
            "verify_email": false,
            "web_authn_passwordless_policy": [
              {
                "acceptable_aaguids": [],
                "attestation_conveyance_preference": "not specified",
                "authenticator_attachment": "not specified",
                "avoid_same_authenticator_register": false,
                "create_timeout": 0,
                "extra_origins": [],
                "relying_party_entity_name": "keycloak",
                "relying_party_id": "",
                "require_resident_key": "not specified",
                "signature_algorithms": [
                  "ES256",
                  "RS256"
                ],
                "user_verification_requirement": "not specified"
              }
            ],
            "web_authn_policy": [
              {
                "acceptable_aaguids": [],
                "attestation_conveyance_preference": "not specified",
                "authenticator_attachment": "not specified",
                "avoid_same_authenticator_register": false,
                "create_timeout": 0,
                "extra_origins": [],
                "relying_party_entity_name": "keycloak",
                "relying_party_id": "",
                "require_resident_key": "not specified",
                "signature_algorithms": [
                  "ES256",
                  "RS256"
                ],
                "user_verification_requirement": "not specified"
              }
            ]
          },
          "sensitive_attributes": [],
          "private": "bnVsbA=="
        }
      ]
    },
    {
      "module": "module.realm",
      "mode": "managed",
      "type": "keycloak_role",
      "name": "customer_order_create",
      "provider": "provider[\"registry.terraform.io/keycloak/keycloak\"]",
      "instances": [
        {
          "schema_version": 0,
          "attributes": {
            "attributes": {},
            "client_id": "",
            "composite_roles": [],
            "description": "",
            "id": "0f20a1a6-f788-412b-a50f-e325cc341bf7",
            "import": false,
            "name": "customer:order:create",
            "realm_id": "magasiara"
          },
          "sensitive_attributes": [],
          "private": "bnVsbA==",
          "dependencies": [
            "module.realm.keycloak_realm.this"
          ]
        }
      ]
    },
    {
      "module": "module.realm",
      "mode": "managed",
      "type": "keycloak_role",
      "name": "customer_read",
      "provider": "provider[\"registry.terraform.io/keycloak/keycloak\"]",
      "instances": [
        {
          "schema_version": 0,
          "attributes": {
            "attributes": {},
            "client_id": "",
            "composite_roles": [],
            "description": "",
            "id": "bf9a7701-b090-42f5-955c-98e847eef267",
            "import": false,
            "name": "customer:read",
            "realm_id": "magasiara"
          },
          "sensitive_attributes": [],
          "private": "bnVsbA==",
          "dependencies": [
            "module.realm.keycloak_realm.this"
          ]
        }
      ]
    }
  ],
  "check_results": null
}
